
Microsoft Visual Studio Solution File, Format Version 11.00
# Visual Studio 2010
Project("{FAE04EC0-301F-11D3-BF4B-00C04F79EFBC}") = "Goodbye World", "Assembly-CSharp.csproj", "{C43CE81A-16D2-048F-BC6A-9BFC57B06B92}"
EndProject
Project("{FAE04EC0-301F-11D3-BF4B-00C04F79EFBC}") = "Goodbye World", "Assembly-CSharp-firstpass.csproj", "{8A0E6367-F339-FED1-2129-7668DCF0F427}"
EndProject
Global
	GlobalSection(SolutionConfigurationPlatforms) = preSolution
		Debug|Any CPU = Debug|Any CPU
		Release|Any CPU = Release|Any CPU
	EndGlobalSection
	GlobalSection(ProjectConfigurationPlatforms) = postSolution
		{C43CE81A-16D2-048F-BC6A-9BFC57B06B92}.Debug|Any CPU.ActiveCfg = Debug|Any CPU
		{C43CE81A-16D2-048F-BC6A-9BFC57B06B92}.Debug|Any CPU.Build.0 = Debug|Any CPU
		{C43CE81A-16D2-048F-BC6A-9BFC57B06B92}.Release|Any CPU.ActiveCfg = Release|Any CPU
		{C43CE81A-16D2-048F-BC6A-9BFC57B06B92}.Release|Any CPU.Build.0 = Release|Any CPU
		{8A0E6367-F339-FED1-2129-7668DCF0F427}.Debug|Any CPU.ActiveCfg = Debug|Any CPU
		{8A0E6367-F339-FED1-2129-7668DCF0F427}.Debug|Any CPU.Build.0 = Debug|Any CPU
		{8A0E6367-F339-FED1-2129-7668DCF0F427}.Release|Any CPU.ActiveCfg = Release|Any CPU
		{8A0E6367-F339-FED1-2129-7668DCF0F427}.Release|Any CPU.Build.0 = Release|Any CPU
	EndGlobalSection
	GlobalSection(SolutionProperties) = preSolution
		HideSolutionNode = FALSE
	EndGlobalSection
	GlobalSection(MonoDevelopProperties) = preSolution
		StartupItem = Assembly-CSharp.csproj
	EndGlobalSection
EndGlobal
